
Microsoft Visual Studio Solution File, Format Version 12.00
# Visual Studio Version 17
VisualStudioVersion = 17.2.32505.173
MinimumVisualStudioVersion = 10.0.40219.1
Project("{FAE04EC0-301F-11D3-BF4B-00C04F79EFBC}") = "HotelReservationAPI", "HotelReservationAPI\HotelReservationAPI.csproj", "{B7B4AB1D-A6BB-44D8-BE12-66FF223D59F9}"
EndProject
Project("{FAE04EC0-301F-11D3-BF4B-00C04F79EFBC}") = "HotelReservation.Data", "HotelReservation.Data\HotelReservation.Data.csproj", "{DB763108-F9D5-4031-80A2-26978B2647B5}"
EndProject
Global
	GlobalSection(SolutionConfigurationPlatforms) = preSolution
		Debug|Any CPU = Debug|Any CPU
		Release|Any CPU = Release|Any CPU
	EndGlobalSection
	GlobalSection(ProjectConfigurationPlatforms) = postSolution
		{B7B4AB1D-A6BB-44D8-BE12-66FF223D59F9}.Debug|Any CPU.ActiveCfg = Debug|Any CPU
		{B7B4AB1D-A6BB-44D8-BE12-66FF223D59F9}.Debug|Any CPU.Build.0 = Debug|Any CPU
		{B7B4AB1D-A6BB-44D8-BE12-66FF223D59F9}.Release|Any CPU.ActiveCfg = Release|Any CPU
		{B7B4AB1D-A6BB-44D8-BE12-66FF223D59F9}.Release|Any CPU.Build.0 = Release|Any CPU
		{DB763108-F9D5-4031-80A2-26978B2647B5}.Debug|Any CPU.ActiveCfg = Debug|Any CPU
		{DB763108-F9D5-4031-80A2-26978B2647B5}.Debug|Any CPU.Build.0 = Debug|Any CPU
		{DB763108-F9D5-4031-80A2-26978B2647B5}.Release|Any CPU.ActiveCfg = Release|Any CPU
		{DB763108-F9D5-4031-80A2-26978B2647B5}.Release|Any CPU.Build.0 = Release|Any CPU
	EndGlobalSection
	GlobalSection(SolutionProperties) = preSolution
		HideSolutionNode = FALSE
	EndGlobalSection
	GlobalSection(ExtensibilityGlobals) = postSolution
		SolutionGuid = {EABA2BB8-30C6-42B2-8478-215AE85041DA}
	EndGlobalSection
EndGlobal
